
Microsoft Visual Studio Solution File, Format Version 12.00
# Visual Studio Version 18
VisualStudioVersion = 18.3.11520.95 d18.3
MinimumVisualStudioVersion = 10.0.40219.1
Project("{9A19103F-16F7-4668-BE54-9A1E7A4F7556}") = "IdentityServiceAPI", "IdentityServiceAPI.csproj", "{9945E217-DDE4-41CD-922F-9DBD1658063B}"
EndProject
Global
	GlobalSection(SolutionConfigurationPlatforms) = preSolution
		Debug|Any CPU = Debug|Any CPU
		Release|Any CPU = Release|Any CPU
	EndGlobalSection
	GlobalSection(ProjectConfigurationPlatforms) = postSolution
		{9945E217-DDE4-41CD-922F-9DBD1658063B}.Debug|Any CPU.ActiveCfg = Debug|Any CPU
		{9945E217-DDE4-41CD-922F-9DBD1658063B}.Debug|Any CPU.Build.0 = Debug|Any CPU
		{9945E217-DDE4-41CD-922F-9DBD1658063B}.Release|Any CPU.ActiveCfg = Release|Any CPU
		{9945E217-DDE4-41CD-922F-9DBD1658063B}.Release|Any CPU.Build.0 = Release|Any CPU
	EndGlobalSection
	GlobalSection(SolutionProperties) = preSolution
		HideSolutionNode = FALSE
	EndGlobalSection
	GlobalSection(ExtensibilityGlobals) = postSolution
		SolutionGuid = {7BD7E6D8-2585-4E48-8BAD-03428997201F}
	EndGlobalSection
EndGlobal
